// !$*UTF8*$!
{
	archiveVersion = 1;
	classes = {
	};
	objectVersion = 50;
	objects = {

/* Begin PBXBuildFile section */
		749EF5D426A1FCB9009C02DD /* AppDelegate.m in Sources */ = {isa = PBXBuildFile; fileRef = 749EF5D326A1FCB9009C02DD /* AppDelegate.m */; };
		749EF5D726A1FCB9009C02DD /* SceneDelegate.m in Sources */ = {isa = PBXBuildFile; fileRef = 749EF5D626A1FCB9009C02DD /* SceneDelegate.m */; };
		749EF5DA26A1FCB9009C02DD /* ViewController.m in Sources */ = {isa = PBXBuildFile; fileRef = 749EF5D926A1FCB9009C02DD /* ViewController.m */; };
		749EF5DD26A1FCB9009C02DD /* Main.storyboard in Resources */ = {isa = PBXBuildFile; fileRef = 749EF5DB26A1FCB9009C02DD /* Main.storyboard */; };
		749EF5DF26A1FCBD009C02DD /* Assets.xcassets in Resources */ = {isa = PBXBuildFile; fileRef = 749EF5DE26A1FCBD009C02DD /* Assets.xcassets */; };
		749EF5E226A1FCBD009C02DD /* LaunchScreen.storyboard in Resources */ = {isa = PBXBuildFile; fileRef = 749EF5E026A1FCBD009C02DD /* LaunchScreen.storyboard */; };
		749EF5E526A1FCBD009C02DD /* main.m in Sources */ = {isa = PBXBuildFile; fileRef = 749EF5E426A1FCBD009C02DD /* main.m */; };
/* End PBXBuildFile section */

/* Begin PBXFileReference section */
		749EF5CF26A1FCB9009C02DD /* DrawingsApp.app */ = {isa = PBXFileReference; explicitFileType = wrapper.application; includeInIndex = 0; path = DrawingsApp.app; sourceTree = BUILT_PRODUCTS_DIR; };
		749EF5D226A1FCB9009C02DD /* AppDelegate.h */ = {isa = PBXFileReference; lastKnownFileType = sourcecode.c.h; path = AppDelegate.h; sourceTree = "<group>"; };
		749EF5D326A1FCB9009C02DD /* AppDelegate.m */ = {isa = PBXFileReference; lastKnownFileType = sourcecode.c.objc; path = AppDelegate.m; sourceTree = "<group>"; };
		749EF5D526A1FCB9009C02DD /* SceneDelegate.h */ = {isa = PBXFileReference; lastKnownFileType = sourcecode.c.h; path = SceneDelegate.h; sourceTree = "<group>"; };
		749EF5D626A1FCB9009C02DD /* SceneDelegate.m */ = {isa = PBXFileReference; lastKnownFileType = sourcecode.c.objc; path = SceneDelegate.m; sourceTree = "<group>"; };
		749EF5D826A1FCB9009C02DD /* ViewController.h */ = {isa = PBXFileReference; lastKnownFileType = sourcecode.c.h; path = ViewController.h; sourceTree = "<group>"; };
		749EF5D926A1FCB9009C02DD /* ViewController.m */ = {isa = PBXFileReference; lastKnownFileType = sourcecode.c.objc; path = ViewController.m; sourceTree = "<group>"; };
		749EF5DC26A1FCB9009C02DD /* Base */ = {isa = PBXFileReference; lastKnownFileType = file.storyboard; name = Base; path = Base.lproj/Main.storyboard; sourceTree = "<group>"; };
		749EF5DE26A1FCBD009C02DD /* Assets.xcassets */ = {isa = PBXFileReference; lastKnownFileType = folder.assetcatalog; path = Assets.xcassets; sourceTree = "<group>"; };
		749EF5E126A1FCBD009C02DD /* Base */ = {isa = PBXFileReference; lastKnownFileType = file.storyboard; name = Base; path = Base.lproj/LaunchScreen.storyboard; sourceTree = "<group>"; };
		749EF5E326A1FCBD009C02DD /* Info.plist */ = {isa = PBXFileReference; lastKnownFileType = text.plist.xml; path = Info.plist; sourceTree = "<group>"; };
		749EF5E426A1FCBD009C02DD /* main.m */ = {isa = PBXFileReference; lastKnownFileType = sourcecode.c.objc; path = main.m; sourceTree = "<group>"; };
/* End PBXFileReference section */

/* Begin PBXFrameworksBuildPhase section */
		749EF5CC26A1FCB9009C02DD /* Frameworks */ = {
			isa = PBXFrameworksBuildPhase;
			buildActionMask = 2147483647;
			files = (
			);
			runOnlyForDeploymentPostprocessing = 0;
		};
/* End PBXFrameworksBuildPhase section */

/* Begin PBXGroup section */
		749EF5C626A1FCB9009C02DD = {
			isa = PBXGroup;
			children = (
				749EF5D126A1FCB9009C02DD /* DrawingsApp */,
				749EF5D026A1FCB9009C02DD /* Products */,
			);
			sourceTree = "<group>";
		};
		749EF5D026A1FCB9009C02DD /* Products */ = {
			isa = PBXGroup;
			children = (
				749EF5CF26A1FCB9009C02DD /* DrawingsApp.app */,
			);
			name = Products;
			sourceTree = "<group>";
		};
		749EF5D126A1FCB9009C02DD /* DrawingsApp */ = {
			isa = PBXGroup;
			children = (
				749EF5D226A1FCB9009C02DD /* AppDelegate.h */,
				749EF5D326A1FCB9009C02DD /* AppDelegate.m */,
				749EF5D526A1FCB9009C02DD /* SceneDelegate.h */,
				749EF5D626A1FCB9009C02DD /* SceneDelegate.m */,
				749EF5D826A1FCB9009C02DD /* ViewController.h */,
				749EF5D926A1FCB9009C02DD /* ViewController.m */,
				749EF5DB26A1FCB9009C02DD /* Main.storyboard */,
				749EF5DE26A1FCBD009C02DD /* Assets.xcassets */,
				749EF5E026A1FCBD009C02DD /* LaunchScreen.storyboard */,
				749EF5E326A1FCBD009C02DD /* Info.plist */,
				749EF5E426A1FCBD009C02DD /* main.m */,
			);
			path = DrawingsApp;
			sourceTree = "<group>";
		};
/* End PBXGroup section */

/* Begin PBXNativeTarget section */
		749EF5CE26A1FCB9009C02DD /* DrawingsApp */ = {
			isa = PBXNativeTarget;
			buildConfigurationList = 749EF5E826A1FCBD009C02DD /* Build configuration list for PBXNativeTarget "DrawingsApp" */;
			buildPhases = (
				749EF5CB26A1FCB9009C02DD /* Sources */,
				749EF5CC26A1FCB9009C02DD /* Frameworks */,
				749EF5CD26A1FCB9009C02DD /* Resources */,
			);
			buildRules = (
			);
			dependencies = (
			);
			name = DrawingsApp;
			productName = DrawingsApp;
			productReference = 749EF5CF26A1FCB9009C02DD /* DrawingsApp.app */;
			productType = "com.apple.product-type.application";
		};
/* End PBXNativeTarget section */

/* Begin PBXProject section */
		749EF5C726A1FCB9009C02DD /* Project object */ = {
			isa = PBXProject;
			attributes = {
				LastUpgradeCheck = 1250;
				TargetAttributes = {
					749EF5CE26A1FCB9009C02DD = {
						CreatedOnToolsVersion = 12.5;
					};
				};
			};
			buildConfigurationList = 749EF5CA26A1FCB9009C02DD /* Build configuration list for PBXProject "DrawingsApp" */;
			compatibilityVersion = "Xcode 9.3";
			developmentRegion = en;
			hasScannedForEncodings = 0;
			knownRegions = (
				en,
				Base,
			);
			mainGroup = 749EF5C626A1FCB9009C02DD;
			productRefGroup = 749EF5D026A1FCB9009C02DD /* Products */;
			projectDirPath = "";
			projectRoot = "";
			targets = (
				749EF5CE26A1FCB9009C02DD /* DrawingsApp */,
			);
		};
/* End PBXProject section */

/* Begin PBXResourcesBuildPhase section */
		749EF5CD26A1FCB9009C02DD /* Resources */ = {
			isa = PBXResourcesBuildPhase;
			buildActionMask = 2147483647;
			files = (
				749EF5E226A1FCBD009C02DD /* LaunchScreen.storyboard in Resources */,
				749EF5DF26A1FCBD009C02DD /* Assets.xcassets in Resources */,
				749EF5DD26A1FCB9009C02DD /* Main.storyboard in Resources */,
			);
			runOnlyForDeploymentPostprocessing = 0;
		};
/* End PBXResourcesBuildPhase section */

/* Begin PBXSourcesBuildPhase section */
		749EF5CB26A1FCB9009C02DD /* Sources */ = {
			isa = PBXSourcesBuildPhase;
			buildActionMask = 2147483647;
			files = (
				749EF5DA26A1FCB9009C02DD /* ViewController.m in Sources */,
				749EF5D426A1FCB9009C02DD /* AppDelegate.m in Sources */,
				749EF5E526A1FCBD009C02DD /* main.m in Sources */,
				749EF5D726A1FCB9009C02DD /* SceneDelegate.m in Sources */,
			);
			runOnlyForDeploymentPostprocessing = 0;
		};
/* End PBXSourcesBuildPhase section */

/* Begin PBXVariantGroup section */
		749EF5DB26A1FCB9009C02DD /* Main.storyboard */ = {
			isa = PBXVariantGroup;
			children = (
				749EF5DC26A1FCB9009C02DD /* Base */,
			);
			name = Main.storyboard;
			sourceTree = "<group>";
		};
		749EF5E026A1FCBD009C02DD /* LaunchScreen.storyboard */ = {
			isa = PBXVariantGroup;
			children = (
				749EF5E126A1FCBD009C02DD /* Base */,
			);
			name = LaunchScreen.storyboard;
			sourceTree = "<group>";
		};
/* End PBXVariantGroup section */

/* Begin XCBuildConfiguration section */
		749EF5E626A1FCBD009C02DD /* Debug */ = {
			isa = XCBuildConfiguration;
			buildSettings = {
				ALWAYS_SEARCH_USER_PATHS = NO;
				CLANG_ANALYZER_NONNULL = YES;
				CLANG_ANALYZER_NUMBER_OBJECT_CONVERSION = YES_AGGRESSIVE;
				CLANG_CXX_LANGUAGE_STANDARD = "gnu++14";
				CLANG_CXX_LIBRARY = "libc++";
				CLANG_ENABLE_MODULES = YES;
				CLANG_ENABLE_OBJC_ARC = YES;
				CLANG_ENABLE_OBJC_WEAK = YES;
				CLANG_WARN_BLOCK_CAPTURE_AUTORELEASING = YES;
				CLANG_WARN_BOOL_CONVERSION = YES;
				CLANG_WARN_COMMA = YES;
				CLANG_WARN_CONSTANT_CONVERSION = YES;
				CLANG_WARN_DEPRECATED_OBJC_IMPLEMENTATIONS = YES;
				CLANG_WARN_DIRECT_OBJC_ISA_USAGE = YES_ERROR;
				CLANG_WARN_DOCUMENTATION_COMMENTS = YES;
				CLANG_WARN_EMPTY_BODY = YES;
				CLANG_WARN_ENUM_CONVERSION = YES;
				CLANG_WARN_INFINITE_RECURSION = YES;
				CLANG_WARN_INT_CONVERSION = YES;
				CLANG_WARN_NON_LITERAL_NULL_CONVERSION = YES;
				CLANG_WARN_OBJC_IMPLICIT_RETAIN_SELF = YES;
				CLANG_WARN_OBJC_LITERAL_CONVERSION = YES;
				CLANG_WARN_OBJC_ROOT_CLASS = YES_ERROR;
				CLANG_WARN_QUOTED_INCLUDE_IN_FRAMEWORK_HEADER = YES;
				CLANG_WARN_RANGE_LOOP_ANALYSIS = YES;
				CLANG_WARN_STRICT_PROTOTYPES = YES;
				CLANG_WARN_SUSPICIOUS_MOVE = YES;
				CLANG_WARN_UNGUARDED_AVAILABILITY = YES_AGGRESSIVE;
				CLANG_WARN_UNREACHABLE_CODE = YES;
				CLANG_WARN__DUPLICATE_METHOD_MATCH = YES;
				COPY_PHASE_STRIP = NO;
				DEBUG_INFORMATION_FORMAT = dwarf;
				ENABLE_STRICT_OBJC_MSGSEND = YES;
				ENABLE_TESTABILITY = YES;
				GCC_C_LANGUAGE_STANDARD = gnu11;
				GCC_DYNAMIC_NO_PIC = NO;
				GCC_NO_COMMON_BLOCKS = YES;
				GCC_OPTIMIZATION_LEVEL = 0;
				GCC_PREPROCESSOR_DEFINITIONS = (
					"DEBUG=1",
					"$(inherited)",
				);
				GCC_WARN_64_TO_32_BIT_CONVERSION = YES;
				GCC_WARN_ABOUT_RETURN_TYPE = YES_ERROR;
				GCC_WARN_UNDECLARED_SELECTOR = YES;
				GCC_WARN_UNINITIALIZED_AUTOS = YES_AGGRESSIVE;
				GCC_WARN_UNUSED_FUNCTION = YES;
				GCC_WARN_UNUSED_VARIABLE = YES;
				IPHONEOS_DEPLOYMENT_TARGET = 14.5;
				MTL_ENABLE_DEBUG_INFO = INCLUDE_SOURCE;
				MTL_FAST_MATH = YES;
				ONLY_ACTIVE_ARCH = YES;
				SDKROOT = iphoneos;
			};
			name = Debug;
		};
		749EF5E726A1FCBD009C02DD /* Release */ = {
			isa = XCBuildConfiguration;
			buildSettings = {
				ALWAYS_SEARCH_USER_PATHS = NO;
				CLANG_ANALYZER_NONNULL = YES;
				CLANG_ANALYZER_NUMBER_OBJECT_CONVERSION = YES_AGGRESSIVE;
				CLANG_CXX_LANGUAGE_STANDARD = "gnu++14";
				CLANG_CXX_LIBRARY = "libc++";
				CLANG_ENABLE_MODULES = YES;
				CLANG_ENABLE_OBJC_ARC = YES;
				CLANG_ENABLE_OBJC_WEAK = YES;
				CLANG_WARN_BLOCK_CAPTURE_AUTORELEASING = YES;
				CLANG_WARN_BOOL_CONVERSION = YES;
				CLANG_WARN_COMMA = YES;
				CLANG_WARN_CONSTANT_CONVERSION = YES;
				CLANG_WARN_DEPRECATED_OBJC_IMPLEMENTATIONS = YES;
				CLANG_WARN_DIRECT_OBJC_ISA_USAGE = YES_ERROR;
				CLANG_WARN_DOCUMENTATION_COMMENTS = YES;
				CLANG_WARN_EMPTY_BODY = YES;
				CLANG_WARN_ENUM_CONVERSION = YES;
				CLANG_WARN_INFINITE_RECURSION = YES;
				CLANG_WARN_INT_CONVERSION = YES;
				CLANG_WARN_NON_LITERAL_NULL_CONVERSION = YES;
				CLANG_WARN_OBJC_IMPLICIT_RETAIN_SELF = YES;
				CLANG_WARN_OBJC_LITERAL_CONVERSION = YES;
				CLANG_WARN_OBJC_ROOT_CLASS = YES_ERROR;
				CLANG_WARN_QUOTED_INCLUDE_IN_FRAMEWORK_HEADER = YES;
				CLANG_WARN_RANGE_LOOP_ANALYSIS = YES;
				CLANG_WARN_STRICT_PROTOTYPES = YES;
				CLANG_WARN_SUSPICIOUS_MOVE = YES;
				CLANG_WARN_UNGUARDED_AVAILABILITY = YES_AGGRESSIVE;
				CLANG_WARN_UNREACHABLE_CODE = YES;
				CLANG_WARN__DUPLICATE_METHOD_MATCH = YES;
				COPY_PHASE_STRIP = NO;
				DEBUG_INFORMATION_FORMAT = "dwarf-with-dsym";
				ENABLE_NS_ASSERTIONS = NO;
				ENABLE_STRICT_OBJC_MSGSEND = YES;
				GCC_C_LANGUAGE_STANDARD = gnu11;
				GCC_NO_COMMON_BLOCKS = YES;
				GCC_WARN_64_TO_32_BIT_CONVERSION = YES;
				GCC_WARN_ABOUT_RETURN_TYPE = YES_ERROR;
				GCC_WARN_UNDECLARED_SELECTOR = YES;
				GCC_WARN_UNINITIALIZED_AUTOS = YES_AGGRESSIVE;
				GCC_WARN_UNUSED_FUNCTION = YES;
				GCC_WARN_UNUSED_VARIABLE = YES;
				IPHONEOS_DEPLOYMENT_TARGET = 14.5;
				MTL_ENABLE_DEBUG_INFO = NO;
				MTL_FAST_MATH = YES;
				SDKROOT = iphoneos;
				VALIDATE_PRODUCT = YES;
			};
			name = Release;
		};
		749EF5E926A1FCBD009C02DD /* Debug */ = {
			isa = XCBuildConfiguration;
			buildSettings = {
				ASSETCATALOG_COMPILER_APPICON_NAME = AppIcon;
				ASSETCATALOG_COMPILER_GLOBAL_ACCENT_COLOR_NAME = AccentColor;
				CODE_SIGN_STYLE = Automatic;
				DEVELOPMENT_TEAM = 5238FCNJHS;
				INFOPLIST_FILE = DrawingsApp/Info.plist;
				LD_RUNPATH_SEARCH_PATHS = (
					"$(inherited)",
					"@executable_path/Frameworks",
				);
				PRODUCT_BUNDLE_IDENTIFIER = vwf.DrawingsApp;
				PRODUCT_NAME = "$(TARGET_NAME)";
				TARGETED_DEVICE_FAMILY = "1,2";
			};
			name = Debug;
		};
		749EF5EA26A1FCBD009C02DD /* Release */ = {
			isa = XCBuildConfiguration;
			buildSettings = {
				ASSETCATALOG_COMPILER_APPICON_NAME = AppIcon;
				ASSETCATALOG_COMPILER_GLOBAL_ACCENT_COLOR_NAME = AccentColor;
				CODE_SIGN_STYLE = Automatic;
				DEVELOPMENT_TEAM = 5238FCNJHS;
				INFOPLIST_FILE = DrawingsApp/Info.plist;
				LD_RUNPATH_SEARCH_PATHS = (
					"$(inherited)",
					"@executable_path/Frameworks",
				);
				PRODUCT_BUNDLE_IDENTIFIER = vwf.DrawingsApp;
				PRODUCT_NAME = "$(TARGET_NAME)";
				TARGETED_DEVICE_FAMILY = "1,2";
			};
			name = Release;
		};
/* End XCBuildConfiguration section */

/* Begin XCConfigurationList section */
		749EF5CA26A1FCB9009C02DD /* Build configuration list for PBXProject "DrawingsApp" */ = {
			isa = XCConfigurationList;
			buildConfigurations = (
				749EF5E626A1FCBD009C02DD /* Debug */,
				749EF5E726A1FCBD009C02DD /* Release */,
			);
			defaultConfigurationIsVisible = 0;
			defaultConfigurationName = Release;
		};
		749EF5E826A1FCBD009C02DD /* Build configuration list for PBXNativeTarget "DrawingsApp" */ = {
			isa = XCConfigurationList;
			buildConfigurations = (
				749EF5E926A1FCBD009C02DD /* Debug */,
				749EF5EA26A1FCBD009C02DD /* Release */,
			);
			defaultConfigurationIsVisible = 0;
			defaultConfigurationName = Release;
		};
/* End XCConfigurationList section */
	};
	rootObject = 749EF5C726A1FCB9009C02DD /* Project object */;
}
